// !$*UTF8*$!
{
	archiveVersion = 1;
	classes = {
	};
	objectVersion = 50;
	objects = {

/* Begin PBXBuildFile section */
		C873B74E23C0981A00E2FF97 /* GIF.swift in Sources */ = {isa = PBXBuildFile; fileRef = C873B74D23C0981A00E2FF97 /* GIF.swift */; };
		C873B75423C0A18E00E2FF97 /* Dice.mp4 in Resources */ = {isa = PBXBuildFile; fileRef = C873B75323C0A18D00E2FF97 /* Dice.mp4 */; };
		C878F5D923FCEF9000392D25 /* AdbertSDK.a in Frameworks */ = {isa = PBXBuildFile; fileRef = C878F5D823FCEF8F00392D25 /* AdbertSDK.a */; };
		C878F5DC23FCF02C00392D25 /* GoogleMobileAds.framework in Frameworks */ = {isa = PBXBuildFile; fileRef = C878F5DB23FCF02B00392D25 /* GoogleMobileAds.framework */; };
		C882470523BF443800F1FB02 /* AdSupport.framework in Frameworks */ = {isa = PBXBuildFile; fileRef = C882470423BF443800F1FB02 /* AdSupport.framework */; };
		C882470723BF444200F1FB02 /* AudioToolbox.framework in Frameworks */ = {isa = PBXBuildFile; fileRef = C882470623BF444200F1FB02 /* AudioToolbox.framework */; };
		C882470923BF444900F1FB02 /* AVFoundation.framework in Frameworks */ = {isa = PBXBuildFile; fileRef = C882470823BF444900F1FB02 /* AVFoundation.framework */; };
		C882470D23BF445200F1FB02 /* CoreLocation.framework in Frameworks */ = {isa = PBXBuildFile; fileRef = C882470A23BF445200F1FB02 /* CoreLocation.framework */; };
		C882470E23BF445200F1FB02 /* CoreGraphics.framework in Frameworks */ = {isa = PBXBuildFile; fileRef = C882470B23BF445200F1FB02 /* CoreGraphics.framework */; };
		C882470F23BF445200F1FB02 /* CoreTelephony.framework in Frameworks */ = {isa = PBXBuildFile; fileRef = C882470C23BF445200F1FB02 /* CoreTelephony.framework */; };
		C882471223BF445B00F1FB02 /* EventKitUI.framework in Frameworks */ = {isa = PBXBuildFile; fileRef = C882471023BF445A00F1FB02 /* EventKitUI.framework */; };
		C882471323BF445B00F1FB02 /* EventKit.framework in Frameworks */ = {isa = PBXBuildFile; fileRef = C882471123BF445A00F1FB02 /* EventKit.framework */; };
		C882471523BF446700F1FB02 /* MessageUI.framework in Frameworks */ = {isa = PBXBuildFile; fileRef = C882471423BF446700F1FB02 /* MessageUI.framework */; };
		C882471923BF447900F1FB02 /* SystemConfiguration.framework in Frameworks */ = {isa = PBXBuildFile; fileRef = C882471823BF447900F1FB02 /* SystemConfiguration.framework */; };
		C882471B23BF447D00F1FB02 /* WebKit.framework in Frameworks */ = {isa = PBXBuildFile; fileRef = C882471A23BF447D00F1FB02 /* WebKit.framework */; };
		C8A82BFF23A63A320036D1EC /* AppDelegate.swift in Sources */ = {isa = PBXBuildFile; fileRef = C8A82BFE23A63A320036D1EC /* AppDelegate.swift */; };
		C8A82C0323A63A320036D1EC /* ViewController.swift in Sources */ = {isa = PBXBuildFile; fileRef = C8A82C0223A63A320036D1EC /* ViewController.swift */; };
		C8A82C0623A63A320036D1EC /* Main.storyboard in Resources */ = {isa = PBXBuildFile; fileRef = C8A82C0423A63A320036D1EC /* Main.storyboard */; };
		C8A82C0823A63A320036D1EC /* Assets.xcassets in Resources */ = {isa = PBXBuildFile; fileRef = C8A82C0723A63A320036D1EC /* Assets.xcassets */; };
		C8A82C0B23A63A320036D1EC /* LaunchScreen.storyboard in Resources */ = {isa = PBXBuildFile; fileRef = C8A82C0923A63A320036D1EC /* LaunchScreen.storyboard */; };
/* End PBXBuildFile section */

/* Begin PBXContainerItemProxy section */
		C8A82C1223A63A330036D1EC /* PBXContainerItemProxy */ = {
			isa = PBXContainerItemProxy;
			containerPortal = C8A82BF323A63A320036D1EC /* Project object */;
			proxyType = 1;
			remoteGlobalIDString = C8A82BFA23A63A320036D1EC;
			remoteInfo = Dice;
		};
		C8A82C1D23A63A330036D1EC /* PBXContainerItemProxy */ = {
			isa = PBXContainerItemProxy;
			containerPortal = C8A82BF323A63A320036D1EC /* Project object */;
			proxyType = 1;
			remoteGlobalIDString = C8A82BFA23A63A320036D1EC;
			remoteInfo = Dice;
		};
/* End PBXContainerItemProxy section */

/* Begin PBXFileReference section */
		C873B74D23C0981A00E2FF97 /* GIF.swift */ = {isa = PBXFileReference; lastKnownFileType = sourcecode.swift; path = GIF.swift; sourceTree = "<group>"; };
		C873B75323C0A18D00E2FF97 /* Dice.mp4 */ = {isa = PBXFileReference; lastKnownFileType = file; path = Dice.mp4; sourceTree = "<group>"; };
		C878F5D123FCEF8F00392D25 /* AdbertADInterstitial.h */ = {isa = PBXFileReference; fileEncoding = 4; lastKnownFileType = sourcecode.c.h; path = AdbertADInterstitial.h; sourceTree = "<group>"; };
		C878F5D223FCEF8F00392D25 /* AdbertADBannerDelegate.h */ = {isa = PBXFileReference; fileEncoding = 4; lastKnownFileType = sourcecode.c.h; path = AdbertADBannerDelegate.h; sourceTree = "<group>"; };
		C878F5D323FCEF8F00392D25 /* AdbertADNative.h */ = {isa = PBXFileReference; fileEncoding = 4; lastKnownFileType = sourcecode.c.h; path = AdbertADNative.h; sourceTree = "<group>"; };
		C878F5D423FCEF8F00392D25 /* AdbertADInterstitalDelegate.h */ = {isa = PBXFileReference; fileEncoding = 4; lastKnownFileType = sourcecode.c.h; path = AdbertADInterstitalDelegate.h; sourceTree = "<group>"; };
		C878F5D523FCEF8F00392D25 /* AdbertADBanner.h */ = {isa = PBXFileReference; fileEncoding = 4; lastKnownFileType = sourcecode.c.h; path = AdbertADBanner.h; sourceTree = "<group>"; };
		C878F5D623FCEF8F00392D25 /* Adbert_iOS_SDK.h */ = {isa = PBXFileReference; fileEncoding = 4; lastKnownFileType = sourcecode.c.h; path = Adbert_iOS_SDK.h; sourceTree = "<group>"; };
		C878F5D723FCEF8F00392D25 /* AdbertADNativeDelegate.h */ = {isa = PBXFileReference; fileEncoding = 4; lastKnownFileType = sourcecode.c.h; path = AdbertADNativeDelegate.h; sourceTree = "<group>"; };
		C878F5D823FCEF8F00392D25 /* AdbertSDK.a */ = {isa = PBXFileReference; lastKnownFileType = archive.ar; path = AdbertSDK.a; sourceTree = "<group>"; };
		C878F5DA23FCEFD100392D25 /* Header.h */ = {isa = PBXFileReference; fileEncoding = 4; lastKnownFileType = sourcecode.c.h; path = Header.h; sourceTree = "<group>"; };
		C878F5DB23FCF02B00392D25 /* GoogleMobileAds.framework */ = {isa = PBXFileReference; lastKnownFileType = wrapper.framework; path = GoogleMobileAds.framework; sourceTree = "<group>"; };
		C882470423BF443800F1FB02 /* AdSupport.framework */ = {isa = PBXFileReference; lastKnownFileType = wrapper.framework; name = AdSupport.framework; path = System/Library/Frameworks/AdSupport.framework; sourceTree = SDKROOT; };
		C882470623BF444200F1FB02 /* AudioToolbox.framework */ = {isa = PBXFileReference; lastKnownFileType = wrapper.framework; name = AudioToolbox.framework; path = System/Library/Frameworks/AudioToolbox.framework; sourceTree = SDKROOT; };
		C882470823BF444900F1FB02 /* AVFoundation.framework */ = {isa = PBXFileReference; lastKnownFileType = wrapper.framework; name = AVFoundation.framework; path = System/Library/Frameworks/AVFoundation.framework; sourceTree = SDKROOT; };
		C882470A23BF445200F1FB02 /* CoreLocation.framework */ = {isa = PBXFileReference; lastKnownFileType = wrapper.framework; name = CoreLocation.framework; path = System/Library/Frameworks/CoreLocation.framework; sourceTree = SDKROOT; };
		C882470B23BF445200F1FB02 /* CoreGraphics.framework */ = {isa = PBXFileReference; lastKnownFileType = wrapper.framework; name = CoreGraphics.framework; path = System/Library/Frameworks/CoreGraphics.framework; sourceTree = SDKROOT; };
		C882470C23BF445200F1FB02 /* CoreTelephony.framework */ = {isa = PBXFileReference; lastKnownFileType = wrapper.framework; name = CoreTelephony.framework; path = System/Library/Frameworks/CoreTelephony.framework; sourceTree = SDKROOT; };
		C882471023BF445A00F1FB02 /* EventKitUI.framework */ = {isa = PBXFileReference; lastKnownFileType = wrapper.framework; name = EventKitUI.framework; path = System/Library/Frameworks/EventKitUI.framework; sourceTree = SDKROOT; };
		C882471123BF445A00F1FB02 /* EventKit.framework */ = {isa = PBXFileReference; lastKnownFileType = wrapper.framework; name = EventKit.framework; path = System/Library/Frameworks/EventKit.framework; sourceTree = SDKROOT; };
		C882471423BF446700F1FB02 /* MessageUI.framework */ = {isa = PBXFileReference; lastKnownFileType = wrapper.framework; name = MessageUI.framework; path = System/Library/Frameworks/MessageUI.framework; sourceTree = SDKROOT; };
		C882471823BF447900F1FB02 /* SystemConfiguration.framework */ = {isa = PBXFileReference; lastKnownFileType = wrapper.framework; name = SystemConfiguration.framework; path = System/Library/Frameworks/SystemConfiguration.framework; sourceTree = SDKROOT; };
		C882471A23BF447D00F1FB02 /* WebKit.framework */ = {isa = PBXFileReference; lastKnownFileType = wrapper.framework; name = WebKit.framework; path = System/Library/Frameworks/WebKit.framework; sourceTree = SDKROOT; };
		C8A82BFB23A63A320036D1EC /* Dice.app */ = {isa = PBXFileReference; explicitFileType = wrapper.application; includeInIndex = 0; path = Dice.app; sourceTree = BUILT_PRODUCTS_DIR; };
		C8A82BFE23A63A320036D1EC /* AppDelegate.swift */ = {isa = PBXFileReference; lastKnownFileType = sourcecode.swift; path = AppDelegate.swift; sourceTree = "<group>"; };
		C8A82C0223A63A320036D1EC /* ViewController.swift */ = {isa = PBXFileReference; lastKnownFileType = sourcecode.swift; path = ViewController.swift; sourceTree = "<group>"; };
		C8A82C0523A63A320036D1EC /* Base */ = {isa = PBXFileReference; lastKnownFileType = file.storyboard; name = Base; path = Base.lproj/Main.storyboard; sourceTree = "<group>"; };
		C8A82C0723A63A320036D1EC /* Assets.xcassets */ = {isa = PBXFileReference; lastKnownFileType = folder.assetcatalog; path = Assets.xcassets; sourceTree = "<group>"; };
		C8A82C0A23A63A320036D1EC /* Base */ = {isa = PBXFileReference; lastKnownFileType = file.storyboard; name = Base; path = Base.lproj/LaunchScreen.storyboard; sourceTree = "<group>"; };
		C8A82C0C23A63A320036D1EC /* Info.plist */ = {isa = PBXFileReference; lastKnownFileType = text.plist.xml; path = Info.plist; sourceTree = "<group>"; };
		C8A82C1123A63A330036D1EC /* DiceTests.xctest */ = {isa = PBXFileReference; explicitFileType = wrapper.cfbundle; includeInIndex = 0; path = DiceTests.xctest; sourceTree = BUILT_PRODUCTS_DIR; };
		C8A82C1C23A63A330036D1EC /* DiceUITests.xctest */ = {isa = PBXFileReference; explicitFileType = wrapper.cfbundle; includeInIndex = 0; path = DiceUITests.xctest; sourceTree = BUILT_PRODUCTS_DIR; };
/* End PBXFileReference section */

/* Begin PBXFrameworksBuildPhase section */
		C8A82BF823A63A320036D1EC /* Frameworks */ = {
			isa = PBXFrameworksBuildPhase;
			buildActionMask = 2147483647;
			files = (
				C882471223BF445B00F1FB02 /* EventKitUI.framework in Frameworks */,
				C882471323BF445B00F1FB02 /* EventKit.framework in Frameworks */,
				C882470E23BF445200F1FB02 /* CoreGraphics.framework in Frameworks */,
				C882470923BF444900F1FB02 /* AVFoundation.framework in Frameworks */,
				C882470F23BF445200F1FB02 /* CoreTelephony.framework in Frameworks */,
				C882470D23BF445200F1FB02 /* CoreLocation.framework in Frameworks */,
				C878F5D923FCEF9000392D25 /* AdbertSDK.a in Frameworks */,
				C882471523BF446700F1FB02 /* MessageUI.framework in Frameworks */,
				C882470523BF443800F1FB02 /* AdSupport.framework in Frameworks */,
				C882470723BF444200F1FB02 /* AudioToolbox.framework in Frameworks */,
				C882471923BF447900F1FB02 /* SystemConfiguration.framework in Frameworks */,
				C882471B23BF447D00F1FB02 /* WebKit.framework in Frameworks */,
				C878F5DC23FCF02C00392D25 /* GoogleMobileAds.framework in Frameworks */,
			);
			runOnlyForDeploymentPostprocessing = 0;
		};
		C8A82C0E23A63A330036D1EC /* Frameworks */ = {
			isa = PBXFrameworksBuildPhase;
			buildActionMask = 2147483647;
			files = (
			);
			runOnlyForDeploymentPostprocessing = 0;
		};
		C8A82C1923A63A330036D1EC /* Frameworks */ = {
			isa = PBXFrameworksBuildPhase;
			buildActionMask = 2147483647;
			files = (
			);
			runOnlyForDeploymentPostprocessing = 0;
		};
/* End PBXFrameworksBuildPhase section */

/* Begin PBXGroup section */
		C878F5CE23FCEF8F00392D25 /* Adbert_iOS_SDK */ = {
			isa = PBXGroup;
			children = (
				C878F5CF23FCEF8F00392D25 /* include */,
				C878F5D823FCEF8F00392D25 /* AdbertSDK.a */,
			);
			path = Adbert_iOS_SDK;
			sourceTree = "<group>";
		};
		C878F5CF23FCEF8F00392D25 /* include */ = {
			isa = PBXGroup;
			children = (
				C878F5D023FCEF8F00392D25 /* Adbert_iOS_SDK */,
			);
			path = include;
			sourceTree = "<group>";
		};
		C878F5D023FCEF8F00392D25 /* Adbert_iOS_SDK */ = {
			isa = PBXGroup;
			children = (
				C878F5D123FCEF8F00392D25 /* AdbertADInterstitial.h */,
				C878F5D223FCEF8F00392D25 /* AdbertADBannerDelegate.h */,
				C878F5D323FCEF8F00392D25 /* AdbertADNative.h */,
				C878F5D423FCEF8F00392D25 /* AdbertADInterstitalDelegate.h */,
				C878F5D523FCEF8F00392D25 /* AdbertADBanner.h */,
				C878F5D623FCEF8F00392D25 /* Adbert_iOS_SDK.h */,
				C878F5D723FCEF8F00392D25 /* AdbertADNativeDelegate.h */,
			);
			path = Adbert_iOS_SDK;
			sourceTree = "<group>";
		};
		C882470323BF443700F1FB02 /* Frameworks */ = {
			isa = PBXGroup;
			children = (
				C882471A23BF447D00F1FB02 /* WebKit.framework */,
				C882471823BF447900F1FB02 /* SystemConfiguration.framework */,
				C882471423BF446700F1FB02 /* MessageUI.framework */,
				C882471123BF445A00F1FB02 /* EventKit.framework */,
				C882471023BF445A00F1FB02 /* EventKitUI.framework */,
				C882470B23BF445200F1FB02 /* CoreGraphics.framework */,
				C882470A23BF445200F1FB02 /* CoreLocation.framework */,
				C882470C23BF445200F1FB02 /* CoreTelephony.framework */,
				C882470823BF444900F1FB02 /* AVFoundation.framework */,
				C882470623BF444200F1FB02 /* AudioToolbox.framework */,
				C882470423BF443800F1FB02 /* AdSupport.framework */,
			);
			name = Frameworks;
			sourceTree = "<group>";
		};
		C8A82BF223A63A320036D1EC = {
			isa = PBXGroup;
			children = (
				C8A82BFD23A63A320036D1EC /* Dice */,
				C8A82BFC23A63A320036D1EC /* Products */,
				C882470323BF443700F1FB02 /* Frameworks */,
			);
			sourceTree = "<group>";
		};
		C8A82BFC23A63A320036D1EC /* Products */ = {
			isa = PBXGroup;
			children = (
				C8A82BFB23A63A320036D1EC /* Dice.app */,
				C8A82C1123A63A330036D1EC /* DiceTests.xctest */,
				C8A82C1C23A63A330036D1EC /* DiceUITests.xctest */,
			);
			name = Products;
			sourceTree = "<group>";
		};
		C8A82BFD23A63A320036D1EC /* Dice */ = {
			isa = PBXGroup;
			children = (
				C878F5CE23FCEF8F00392D25 /* Adbert_iOS_SDK */,
				C8A82BFE23A63A320036D1EC /* AppDelegate.swift */,
				C8A82C0223A63A320036D1EC /* ViewController.swift */,
				C8A82C0423A63A320036D1EC /* Main.storyboard */,
				C8A82C0723A63A320036D1EC /* Assets.xcassets */,
				C8A82C0923A63A320036D1EC /* LaunchScreen.storyboard */,
				C8A82C0C23A63A320036D1EC /* Info.plist */,
				C873B74D23C0981A00E2FF97 /* GIF.swift */,
				C873B75323C0A18D00E2FF97 /* Dice.mp4 */,
				C878F5DA23FCEFD100392D25 /* Header.h */,
				C878F5DB23FCF02B00392D25 /* GoogleMobileAds.framework */,
			);
			path = Dice;
			sourceTree = "<group>";
		};
/* End PBXGroup section */

/* Begin PBXNativeTarget section */
		C8A82BFA23A63A320036D1EC /* Dice */ = {
			isa = PBXNativeTarget;
			buildConfigurationList = C8A82C2523A63A330036D1EC /* Build configuration list for PBXNativeTarget "Dice" */;
			buildPhases = (
				C8A82BF723A63A320036D1EC /* Sources */,
				C8A82BF823A63A320036D1EC /* Frameworks */,
				C8A82BF923A63A320036D1EC /* Resources */,
			);
			buildRules = (
			);
			dependencies = (
			);
			name = Dice;
			productName = Dice;
			productReference = C8A82BFB23A63A320036D1EC /* Dice.app */;
			productType = "com.apple.product-type.application";
		};
		C8A82C1023A63A330036D1EC /* DiceTests */ = {
			isa = PBXNativeTarget;
			buildConfigurationList = C8A82C2823A63A330036D1EC /* Build configuration list for PBXNativeTarget "DiceTests" */;
			buildPhases = (
				C8A82C0D23A63A330036D1EC /* Sources */,
				C8A82C0E23A63A330036D1EC /* Frameworks */,
				C8A82C0F23A63A330036D1EC /* Resources */,
			);
			buildRules = (
			);
			dependencies = (
				C8A82C1323A63A330036D1EC /* PBXTargetDependency */,
			);
			name = DiceTests;
			productName = DiceTests;
			productReference = C8A82C1123A63A330036D1EC /* DiceTests.xctest */;
			productType = "com.apple.product-type.bundle.unit-test";
		};
		C8A82C1B23A63A330036D1EC /* DiceUITests */ = {
			isa = PBXNativeTarget;
			buildConfigurationList = C8A82C2B23A63A330036D1EC /* Build configuration list for PBXNativeTarget "DiceUITests" */;
			buildPhases = (
				C8A82C1823A63A330036D1EC /* Sources */,
				C8A82C1923A63A330036D1EC /* Frameworks */,
				C8A82C1A23A63A330036D1EC /* Resources */,
			);
			buildRules = (
			);
			dependencies = (
				C8A82C1E23A63A330036D1EC /* PBXTargetDependency */,
			);
			name = DiceUITests;
			productName = DiceUITests;
			productReference = C8A82C1C23A63A330036D1EC /* DiceUITests.xctest */;
			productType = "com.apple.product-type.bundle.ui-testing";
		};
/* End PBXNativeTarget section */

/* Begin PBXProject section */
		C8A82BF323A63A320036D1EC /* Project object */ = {
			isa = PBXProject;
			attributes = {
				LastSwiftUpdateCheck = 1120;
				LastUpgradeCheck = 1120;
				ORGANIZATIONNAME = "黃冠中";
				TargetAttributes = {
					C8A82BFA23A63A320036D1EC = {
						CreatedOnToolsVersion = 11.2.1;
					};
					C8A82C1023A63A330036D1EC = {
						CreatedOnToolsVersion = 11.2.1;
						TestTargetID = C8A82BFA23A63A320036D1EC;
					};
					C8A82C1B23A63A330036D1EC = {
						CreatedOnToolsVersion = 11.2.1;
						TestTargetID = C8A82BFA23A63A320036D1EC;
					};
				};
			};
			buildConfigurationList = C8A82BF623A63A320036D1EC /* Build configuration list for PBXProject "Dice" */;
			compatibilityVersion = "Xcode 9.3";
			developmentRegion = en;
			hasScannedForEncodings = 0;
			knownRegions = (
				en,
				Base,
			);
			mainGroup = C8A82BF223A63A320036D1EC;
			productRefGroup = C8A82BFC23A63A320036D1EC /* Products */;
			projectDirPath = "";
			projectRoot = "";
			targets = (
				C8A82BFA23A63A320036D1EC /* Dice */,
				C8A82C1023A63A330036D1EC /* DiceTests */,
				C8A82C1B23A63A330036D1EC /* DiceUITests */,
			);
		};
/* End PBXProject section */

/* Begin PBXResourcesBuildPhase section */
		C8A82BF923A63A320036D1EC /* Resources */ = {
			isa = PBXResourcesBuildPhase;
			buildActionMask = 2147483647;
			files = (
				C873B75423C0A18E00E2FF97 /* Dice.mp4 in Resources */,
				C8A82C0B23A63A320036D1EC /* LaunchScreen.storyboard in Resources */,
				C8A82C0823A63A320036D1EC /* Assets.xcassets in Resources */,
				C8A82C0623A63A320036D1EC /* Main.storyboard in Resources */,
			);
			runOnlyForDeploymentPostprocessing = 0;
		};
		C8A82C0F23A63A330036D1EC /* Resources */ = {
			isa = PBXResourcesBuildPhase;
			buildActionMask = 2147483647;
			files = (
			);
			runOnlyForDeploymentPostprocessing = 0;
		};
		C8A82C1A23A63A330036D1EC /* Resources */ = {
			isa = PBXResourcesBuildPhase;
			buildActionMask = 2147483647;
			files = (
			);
			runOnlyForDeploymentPostprocessing = 0;
		};
/* End PBXResourcesBuildPhase section */

/* Begin PBXSourcesBuildPhase section */
		C8A82BF723A63A320036D1EC /* Sources */ = {
			isa = PBXSourcesBuildPhase;
			buildActionMask = 2147483647;
			files = (
				C8A82C0323A63A320036D1EC /* ViewController.swift in Sources */,
				C8A82BFF23A63A320036D1EC /* AppDelegate.swift in Sources */,
				C873B74E23C0981A00E2FF97 /* GIF.swift in Sources */,
			);
			runOnlyForDeploymentPostprocessing = 0;
		};
		C8A82C0D23A63A330036D1EC /* Sources */ = {
			isa = PBXSourcesBuildPhase;
			buildActionMask = 2147483647;
			files = (
			);
			runOnlyForDeploymentPostprocessing = 0;
		};
		C8A82C1823A63A330036D1EC /* Sources */ = {
			isa = PBXSourcesBuildPhase;
			buildActionMask = 2147483647;
			files = (
			);
			runOnlyForDeploymentPostprocessing = 0;
		};
/* End PBXSourcesBuildPhase section */

/* Begin PBXTargetDependency section */
		C8A82C1323A63A330036D1EC /* PBXTargetDependency */ = {
			isa = PBXTargetDependency;
			target = C8A82BFA23A63A320036D1EC /* Dice */;
			targetProxy = C8A82C1223A63A330036D1EC /* PBXContainerItemProxy */;
		};
		C8A82C1E23A63A330036D1EC /* PBXTargetDependency */ = {
			isa = PBXTargetDependency;
			target = C8A82BFA23A63A320036D1EC /* Dice */;
			targetProxy = C8A82C1D23A63A330036D1EC /* PBXContainerItemProxy */;
		};
/* End PBXTargetDependency section */

/* Begin PBXVariantGroup section */
		C8A82C0423A63A320036D1EC /* Main.storyboard */ = {
			isa = PBXVariantGroup;
			children = (
				C8A82C0523A63A320036D1EC /* Base */,
			);
			name = Main.storyboard;
			sourceTree = "<group>";
		};
		C8A82C0923A63A320036D1EC /* LaunchScreen.storyboard */ = {
			isa = PBXVariantGroup;
			children = (
				C8A82C0A23A63A320036D1EC /* Base */,
			);
			name = LaunchScreen.storyboard;
			sourceTree = "<group>";
		};
/* End PBXVariantGroup section */

/* Begin XCBuildConfiguration section */
		C8A82C2323A63A330036D1EC /* Debug */ = {
			isa = XCBuildConfiguration;
			buildSettings = {
				ALWAYS_SEARCH_USER_PATHS = NO;
				CLANG_ANALYZER_NONNULL = YES;
				CLANG_ANALYZER_NUMBER_OBJECT_CONVERSION = YES_AGGRESSIVE;
				CLANG_CXX_LANGUAGE_STANDARD = "gnu++14";
				CLANG_CXX_LIBRARY = "libc++";
				CLANG_ENABLE_MODULES = YES;
				CLANG_ENABLE_OBJC_ARC = YES;
				CLANG_ENABLE_OBJC_WEAK = YES;
				CLANG_WARN_BLOCK_CAPTURE_AUTORELEASING = YES;
				CLANG_WARN_BOOL_CONVERSION = YES;
				CLANG_WARN_COMMA = YES;
				CLANG_WARN_CONSTANT_CONVERSION = YES;
				CLANG_WARN_DEPRECATED_OBJC_IMPLEMENTATIONS = YES;
				CLANG_WARN_DIRECT_OBJC_ISA_USAGE = YES_ERROR;
				CLANG_WARN_DOCUMENTATION_COMMENTS = YES;
				CLANG_WARN_EMPTY_BODY = YES;
				CLANG_WARN_ENUM_CONVERSION = YES;
				CLANG_WARN_INFINITE_RECURSION = YES;
				CLANG_WARN_INT_CONVERSION = YES;
				CLANG_WARN_NON_LITERAL_NULL_CONVERSION = YES;
				CLANG_WARN_OBJC_IMPLICIT_RETAIN_SELF = YES;
				CLANG_WARN_OBJC_LITERAL_CONVERSION = YES;
				CLANG_WARN_OBJC_ROOT_CLASS = YES_ERROR;
				CLANG_WARN_RANGE_LOOP_ANALYSIS = YES;
				CLANG_WARN_STRICT_PROTOTYPES = YES;
				CLANG_WARN_SUSPICIOUS_MOVE = YES;
				CLANG_WARN_UNGUARDED_AVAILABILITY = YES_AGGRESSIVE;
				CLANG_WARN_UNREACHABLE_CODE = YES;
				CLANG_WARN__DUPLICATE_METHOD_MATCH = YES;
				COPY_PHASE_STRIP = NO;
				DEBUG_INFORMATION_FORMAT = dwarf;
				ENABLE_STRICT_OBJC_MSGSEND = YES;
				ENABLE_TESTABILITY = YES;
				GCC_C_LANGUAGE_STANDARD = gnu11;
				GCC_DYNAMIC_NO_PIC = NO;
				GCC_NO_COMMON_BLOCKS = YES;
				GCC_OPTIMIZATION_LEVEL = 0;
				GCC_PREPROCESSOR_DEFINITIONS = (
					"DEBUG=1",
					"$(inherited)",
				);
				GCC_WARN_64_TO_32_BIT_CONVERSION = YES;
				GCC_WARN_ABOUT_RETURN_TYPE = YES_ERROR;
				GCC_WARN_UNDECLARED_SELECTOR = YES;
				GCC_WARN_UNINITIALIZED_AUTOS = YES_AGGRESSIVE;
				GCC_WARN_UNUSED_FUNCTION = YES;
				GCC_WARN_UNUSED_VARIABLE = YES;
				IPHONEOS_DEPLOYMENT_TARGET = 13.2;
				MTL_ENABLE_DEBUG_INFO = INCLUDE_SOURCE;
				MTL_FAST_MATH = YES;
				ONLY_ACTIVE_ARCH = YES;
				SDKROOT = iphoneos;
				SWIFT_ACTIVE_COMPILATION_CONDITIONS = DEBUG;
				SWIFT_OPTIMIZATION_LEVEL = "-Onone";
			};
			name = Debug;
		};
		C8A82C2423A63A330036D1EC /* Release */ = {
			isa = XCBuildConfiguration;
			buildSettings = {
				ALWAYS_SEARCH_USER_PATHS = NO;
				CLANG_ANALYZER_NONNULL = YES;
				CLANG_ANALYZER_NUMBER_OBJECT_CONVERSION = YES_AGGRESSIVE;
				CLANG_CXX_LANGUAGE_STANDARD = "gnu++14";
				CLANG_CXX_LIBRARY = "libc++";
				CLANG_ENABLE_MODULES = YES;
				CLANG_ENABLE_OBJC_ARC = YES;
				CLANG_ENABLE_OBJC_WEAK = YES;
				CLANG_WARN_BLOCK_CAPTURE_AUTORELEASING = YES;
				CLANG_WARN_BOOL_CONVERSION = YES;
				CLANG_WARN_COMMA = YES;
				CLANG_WARN_CONSTANT_CONVERSION = YES;
				CLANG_WARN_DEPRECATED_OBJC_IMPLEMENTATIONS = YES;
				CLANG_WARN_DIRECT_OBJC_ISA_USAGE = YES_ERROR;
				CLANG_WARN_DOCUMENTATION_COMMENTS = YES;
				CLANG_WARN_EMPTY_BODY = YES;
				CLANG_WARN_ENUM_CONVERSION = YES;
				CLANG_WARN_INFINITE_RECURSION = YES;
				CLANG_WARN_INT_CONVERSION = YES;
				CLANG_WARN_NON_LITERAL_NULL_CONVERSION = YES;
				CLANG_WARN_OBJC_IMPLICIT_RETAIN_SELF = YES;
				CLANG_WARN_OBJC_LITERAL_CONVERSION = YES;
				CLANG_WARN_OBJC_ROOT_CLASS = YES_ERROR;
				CLANG_WARN_RANGE_LOOP_ANALYSIS = YES;
				CLANG_WARN_STRICT_PROTOTYPES = YES;
				CLANG_WARN_SUSPICIOUS_MOVE = YES;
				CLANG_WARN_UNGUARDED_AVAILABILITY = YES_AGGRESSIVE;
				CLANG_WARN_UNREACHABLE_CODE = YES;
				CLANG_WARN__DUPLICATE_METHOD_MATCH = YES;
				COPY_PHASE_STRIP = NO;
				DEBUG_INFORMATION_FORMAT = "dwarf-with-dsym";
				ENABLE_NS_ASSERTIONS = NO;
				ENABLE_STRICT_OBJC_MSGSEND = YES;
				GCC_C_LANGUAGE_STANDARD = gnu11;
				GCC_NO_COMMON_BLOCKS = YES;
				GCC_WARN_64_TO_32_BIT_CONVERSION = YES;
				GCC_WARN_ABOUT_RETURN_TYPE = YES_ERROR;
				GCC_WARN_UNDECLARED_SELECTOR = YES;
				GCC_WARN_UNINITIALIZED_AUTOS = YES_AGGRESSIVE;
				GCC_WARN_UNUSED_FUNCTION = YES;
				GCC_WARN_UNUSED_VARIABLE = YES;
				IPHONEOS_DEPLOYMENT_TARGET = 13.2;
				MTL_ENABLE_DEBUG_INFO = NO;
				MTL_FAST_MATH = YES;
				SDKROOT = iphoneos;
				SWIFT_COMPILATION_MODE = wholemodule;
				SWIFT_OPTIMIZATION_LEVEL = "-O";
				VALIDATE_PRODUCT = YES;
			};
			name = Release;
		};
		C8A82C2623A63A330036D1EC /* Debug */ = {
			isa = XCBuildConfiguration;
			buildSettings = {
				ASSETCATALOG_COMPILER_APPICON_NAME = AppIcon;
				CODE_SIGN_STYLE = Automatic;
				DEVELOPMENT_TEAM = 7X544A9LTF;
				FRAMEWORK_SEARCH_PATHS = (
					"$(inherited)",
					"$(PROJECT_DIR)/Dice",
				);
				HEADER_SEARCH_PATHS = "";
				INFOPLIST_FILE = Dice/Info.plist;
				IPHONEOS_DEPLOYMENT_TARGET = 12.4;
				LD_RUNPATH_SEARCH_PATHS = (
					"$(inherited)",
					"@executable_path/Frameworks",
				);
				LIBRARY_SEARCH_PATHS = (
					"$(inherited)",
					"$(PROJECT_DIR)",
					"$(PROJECT_DIR)/Dice",
					"$(PROJECT_DIR)/Dice/Adbert_iOS_SDK",
				);
				OTHER_LDFLAGS = "-ObjC";
				PRODUCT_BUNDLE_IDENTIFIER = joe.Dice;
				PRODUCT_NAME = "$(TARGET_NAME)";
				PUBLIC_HEADERS_FOLDER_PATH = "";
				SWIFT_OBJC_BRIDGING_HEADER = /Users/jo/Desktop/Dice/Dice/Header.h;
				SWIFT_VERSION = 5.0;
				TARGETED_DEVICE_FAMILY = 1;
			};
			name = Debug;
		};
		C8A82C2723A63A330036D1EC /* Release */ = {
			isa = XCBuildConfiguration;
			buildSettings = {
				ASSETCATALOG_COMPILER_APPICON_NAME = AppIcon;
				CODE_SIGN_STYLE = Automatic;
				DEVELOPMENT_TEAM = 7X544A9LTF;
				FRAMEWORK_SEARCH_PATHS = (
					"$(inherited)",
					"$(PROJECT_DIR)/Dice",
				);
				HEADER_SEARCH_PATHS = "";
				INFOPLIST_FILE = Dice/Info.plist;
				IPHONEOS_DEPLOYMENT_TARGET = 12.4;
				LD_RUNPATH_SEARCH_PATHS = (
					"$(inherited)",
					"@executable_path/Frameworks",
				);
				LIBRARY_SEARCH_PATHS = (
					"$(inherited)",
					"$(PROJECT_DIR)",
					"$(PROJECT_DIR)/Dice",
					"$(PROJECT_DIR)/Dice/Adbert_iOS_SDK",
				);
				OTHER_LDFLAGS = "-ObjC";
				PRODUCT_BUNDLE_IDENTIFIER = joe.Dice;
				PRODUCT_NAME = "$(TARGET_NAME)";
				PUBLIC_HEADERS_FOLDER_PATH = "";
				SWIFT_OBJC_BRIDGING_HEADER = /Users/jo/Desktop/Dice/Dice/Header.h;
				SWIFT_VERSION = 5.0;
				TARGETED_DEVICE_FAMILY = 1;
			};
			name = Release;
		};
		C8A82C2923A63A330036D1EC /* Debug */ = {
			isa = XCBuildConfiguration;
			buildSettings = {
				ALWAYS_EMBED_SWIFT_STANDARD_LIBRARIES = YES;
				BUNDLE_LOADER = "$(TEST_HOST)";
				CODE_SIGN_STYLE = Automatic;
				DEVELOPMENT_TEAM = 7X544A9LTF;
				INFOPLIST_FILE = DiceTests/Info.plist;
				IPHONEOS_DEPLOYMENT_TARGET = 13.2;
				LD_RUNPATH_SEARCH_PATHS = (
					"$(inherited)",
					"@executable_path/Frameworks",
					"@loader_path/Frameworks",
				);
				PRODUCT_BUNDLE_IDENTIFIER = joe.DiceTests;
				PRODUCT_NAME = "$(TARGET_NAME)";
				SWIFT_VERSION = 5.0;
				TARGETED_DEVICE_FAMILY = "1,2";
				TEST_HOST = "$(BUILT_PRODUCTS_DIR)/Dice.app/Dice";
			};
			name = Debug;
		};
		C8A82C2A23A63A330036D1EC /* Release */ = {
			isa = XCBuildConfiguration;
			buildSettings = {
				ALWAYS_EMBED_SWIFT_STANDARD_LIBRARIES = YES;
				BUNDLE_LOADER = "$(TEST_HOST)";
				CODE_SIGN_STYLE = Automatic;
				DEVELOPMENT_TEAM = 7X544A9LTF;
				INFOPLIST_FILE = DiceTests/Info.plist;
				IPHONEOS_DEPLOYMENT_TARGET = 13.2;
				LD_RUNPATH_SEARCH_PATHS = (
					"$(inherited)",
					"@executable_path/Frameworks",
					"@loader_path/Frameworks",
				);
				PRODUCT_BUNDLE_IDENTIFIER = joe.DiceTests;
				PRODUCT_NAME = "$(TARGET_NAME)";
				SWIFT_VERSION = 5.0;
				TARGETED_DEVICE_FAMILY = "1,2";
				TEST_HOST = "$(BUILT_PRODUCTS_DIR)/Dice.app/Dice";
			};
			name = Release;
		};
		C8A82C2C23A63A330036D1EC /* Debug */ = {
			isa = XCBuildConfiguration;
			buildSettings = {
				ALWAYS_EMBED_SWIFT_STANDARD_LIBRARIES = YES;
				CODE_SIGN_STYLE = Automatic;
				DEVELOPMENT_TEAM = 7X544A9LTF;
				INFOPLIST_FILE = DiceUITests/Info.plist;
				LD_RUNPATH_SEARCH_PATHS = (
					"$(inherited)",
					"@executable_path/Frameworks",
					"@loader_path/Frameworks",
				);
				PRODUCT_BUNDLE_IDENTIFIER = joe.DiceUITests;
				PRODUCT_NAME = "$(TARGET_NAME)";
				SWIFT_VERSION = 5.0;
				TARGETED_DEVICE_FAMILY = "1,2";
				TEST_TARGET_NAME = Dice;
			};
			name = Debug;
		};
		C8A82C2D23A63A330036D1EC /* Release */ = {
			isa = XCBuildConfiguration;
			buildSettings = {
				ALWAYS_EMBED_SWIFT_STANDARD_LIBRARIES = YES;
				CODE_SIGN_STYLE = Automatic;
				DEVELOPMENT_TEAM = 7X544A9LTF;
				INFOPLIST_FILE = DiceUITests/Info.plist;
				LD_RUNPATH_SEARCH_PATHS = (
					"$(inherited)",
					"@executable_path/Frameworks",
					"@loader_path/Frameworks",
				);
				PRODUCT_BUNDLE_IDENTIFIER = joe.DiceUITests;
				PRODUCT_NAME = "$(TARGET_NAME)";
				SWIFT_VERSION = 5.0;
				TARGETED_DEVICE_FAMILY = "1,2";
				TEST_TARGET_NAME = Dice;
			};
			name = Release;
		};
/* End XCBuildConfiguration section */

/* Begin XCConfigurationList section */
		C8A82BF623A63A320036D1EC /* Build configuration list for PBXProject "Dice" */ = {
			isa = XCConfigurationList;
			buildConfigurations = (
				C8A82C2323A63A330036D1EC /* Debug */,
				C8A82C2423A63A330036D1EC /* Release */,
			);
			defaultConfigurationIsVisible = 0;
			defaultConfigurationName = Release;
		};
		C8A82C2523A63A330036D1EC /* Build configuration list for PBXNativeTarget "Dice" */ = {
			isa = XCConfigurationList;
			buildConfigurations = (
				C8A82C2623A63A330036D1EC /* Debug */,
				C8A82C2723A63A330036D1EC /* Release */,
			);
			defaultConfigurationIsVisible = 0;
			defaultConfigurationName = Release;
		};
		C8A82C2823A63A330036D1EC /* Build configuration list for PBXNativeTarget "DiceTests" */ = {
			isa = XCConfigurationList;
			buildConfigurations = (
				C8A82C2923A63A330036D1EC /* Debug */,
				C8A82C2A23A63A330036D1EC /* Release */,
			);
			defaultConfigurationIsVisible = 0;
			defaultConfigurationName = Release;
		};
		C8A82C2B23A63A330036D1EC /* Build configuration list for PBXNativeTarget "DiceUITests" */ = {
			isa = XCConfigurationList;
			buildConfigurations = (
				C8A82C2C23A63A330036D1EC /* Debug */,
				C8A82C2D23A63A330036D1EC /* Release */,
			);
			defaultConfigurationIsVisible = 0;
			defaultConfigurationName = Release;
		};
/* End XCConfigurationList section */
	};
	rootObject = C8A82BF323A63A320036D1EC /* Project object */;
}
